// !$*UTF8*$!
{
	archiveVersion = 1;
	classes = {
	};
	objectVersion = 46;
	objects = {

/* Begin PBXBuildFile section */
		B70843DE185149C400054BC8 /* append.c in Sources */ = {isa = PBXBuildFile; fileRef = B70843D3185149C400054BC8 /* append.c */; };
		B70843DF185149C400054BC8 /* block.c in Sources */ = {isa = PBXBuildFile; fileRef = B70843D4185149C400054BC8 /* block.c */; };
		B70843E0185149C400054BC8 /* decode.c in Sources */ = {isa = PBXBuildFile; fileRef = B70843D5185149C400054BC8 /* decode.c */; };
		B70843E1185149C400054BC8 /* encode.c in Sources */ = {isa = PBXBuildFile; fileRef = B70843D6185149C400054BC8 /* encode.c */; };
		B70843E2185149C400054BC8 /* extract.c in Sources */ = {isa = PBXBuildFile; fileRef = B70843D7185149C400054BC8 /* extract.c */; };
		B70843E3185149C400054BC8 /* handle.c in Sources */ = {isa = PBXBuildFile; fileRef = B70843D8185149C400054BC8 /* handle.c */; };
		B70843E4185149C400054BC8 /* internal.h in Headers */ = {isa = PBXBuildFile; fileRef = B70843D9185149C400054BC8 /* internal.h */; };
		B70843E5185149C400054BC8 /* libtar.h in Headers */ = {isa = PBXBuildFile; fileRef = B70843DA185149C400054BC8 /* libtar.h */; settings = {ATTRIBUTES = (Public, ); }; };
		B70843E6185149C400054BC8 /* output.c in Sources */ = {isa = PBXBuildFile; fileRef = B70843DB185149C400054BC8 /* output.c */; };
		B70843E7185149C400054BC8 /* util.c in Sources */ = {isa = PBXBuildFile; fileRef = B70843DC185149C400054BC8 /* util.c */; };
		B70843E8185149C400054BC8 /* wrapper.c in Sources */ = {isa = PBXBuildFile; fileRef = B70843DD185149C400054BC8 /* wrapper.c */; };
		B70843EA18514AB100054BC8 /* config.h in Headers */ = {isa = PBXBuildFile; fileRef = B70843E918514AB100054BC8 /* config.h */; };
		B70843EC18514B3500054BC8 /* compat.h in Headers */ = {isa = PBXBuildFile; fileRef = B70843EB18514B3500054BC8 /* compat.h */; };
		B70843F018514BAC00054BC8 /* libtar_hash.c in Sources */ = {isa = PBXBuildFile; fileRef = B70843ED18514BAB00054BC8 /* libtar_hash.c */; };
		B70843F118514BAC00054BC8 /* libtar_list.c in Sources */ = {isa = PBXBuildFile; fileRef = B70843EE18514BAC00054BC8 /* libtar_list.c */; };
		B70843F218514BAC00054BC8 /* libtar_listhash.h in Headers */ = {isa = PBXBuildFile; fileRef = B70843EF18514BAC00054BC8 /* libtar_listhash.h */; settings = {ATTRIBUTES = (Public, ); }; };
		B70844AA1851898000054BC8 /* Foundation.framework in Frameworks */ = {isa = PBXBuildFile; fileRef = B70844A91851898000054BC8 /* Foundation.framework */; };
		B70844AB185189E300054BC8 /* append.c in Sources */ = {isa = PBXBuildFile; fileRef = B70843D3185149C400054BC8 /* append.c */; };
		B70844AC185189E300054BC8 /* block.c in Sources */ = {isa = PBXBuildFile; fileRef = B70843D4185149C400054BC8 /* block.c */; };
		B70844AD185189E300054BC8 /* decode.c in Sources */ = {isa = PBXBuildFile; fileRef = B70843D5185149C400054BC8 /* decode.c */; };
		B70844AE185189E300054BC8 /* encode.c in Sources */ = {isa = PBXBuildFile; fileRef = B70843D6185149C400054BC8 /* encode.c */; };
		B70844AF185189E300054BC8 /* extract.c in Sources */ = {isa = PBXBuildFile; fileRef = B70843D7185149C400054BC8 /* extract.c */; };
		B70844B0185189E300054BC8 /* handle.c in Sources */ = {isa = PBXBuildFile; fileRef = B70843D8185149C400054BC8 /* handle.c */; };
		B70844B1185189E300054BC8 /* internal.h in Headers */ = {isa = PBXBuildFile; fileRef = B70843D9185149C400054BC8 /* internal.h */; };
		B70844B2185189E300054BC8 /* libtar_hash.c in Sources */ = {isa = PBXBuildFile; fileRef = B70843ED18514BAB00054BC8 /* libtar_hash.c */; };
		B70844B3185189E300054BC8 /* libtar_list.c in Sources */ = {isa = PBXBuildFile; fileRef = B70843EE18514BAC00054BC8 /* libtar_list.c */; };
		B70844B4185189E300054BC8 /* libtar_listhash.h in Headers */ = {isa = PBXBuildFile; fileRef = B70843EF18514BAC00054BC8 /* libtar_listhash.h */; settings = {ATTRIBUTES = (Public, ); }; };
		B70844B5185189E300054BC8 /* libtar.h in Headers */ = {isa = PBXBuildFile; fileRef = B70843DA185149C400054BC8 /* libtar.h */; settings = {ATTRIBUTES = (Public, ); }; };
		B70844B6185189E300054BC8 /* output.c in Sources */ = {isa = PBXBuildFile; fileRef = B70843DB185149C400054BC8 /* output.c */; };
		B70844B7185189E300054BC8 /* util.c in Sources */ = {isa = PBXBuildFile; fileRef = B70843DC185149C400054BC8 /* util.c */; };
		B70844B8185189E300054BC8 /* wrapper.c in Sources */ = {isa = PBXBuildFile; fileRef = B70843DD185149C400054BC8 /* wrapper.c */; };
		B70844B9185189E300054BC8 /* config.h in Headers */ = {isa = PBXBuildFile; fileRef = B70843E918514AB100054BC8 /* config.h */; };
		B70844BA185189E300054BC8 /* compat.h in Headers */ = {isa = PBXBuildFile; fileRef = B70843EB18514B3500054BC8 /* compat.h */; };
		B70844BC18518A1D00054BC8 /* Pitch.h in Headers */ = {isa = PBXBuildFile; fileRef = B70844BB18518A1D00054BC8 /* Pitch.h */; settings = {ATTRIBUTES = (Public, ); }; };
		B70844BF18518B0F00054BC8 /* TARFile.h in Headers */ = {isa = PBXBuildFile; fileRef = B70844BD18518B0F00054BC8 /* TARFile.h */; settings = {ATTRIBUTES = (Public, ); }; };
		B70844C018518B0F00054BC8 /* TARFile.m in Sources */ = {isa = PBXBuildFile; fileRef = B70844BE18518B0F00054BC8 /* TARFile.m */; };
		B70844C6185192A700054BC8 /* Foundation.framework in Frameworks */ = {isa = PBXBuildFile; fileRef = B70844A91851898000054BC8 /* Foundation.framework */; };
		B70844D3185192E700054BC8 /* testtool.m in Sources */ = {isa = PBXBuildFile; fileRef = B70844D2185192E700054BC8 /* testtool.m */; };
		B70844DE1851AC9E00054BC8 /* Pitch.m in Sources */ = {isa = PBXBuildFile; fileRef = B70844DD1851AC9E00054BC8 /* Pitch.m */; };
		B70844E11851B4B500054BC8 /* NSError+Pitch.h in Headers */ = {isa = PBXBuildFile; fileRef = B70844DF1851B4B500054BC8 /* NSError+Pitch.h */; };
		B70844E21851B4B500054BC8 /* NSError+Pitch.m in Sources */ = {isa = PBXBuildFile; fileRef = B70844E01851B4B500054BC8 /* NSError+Pitch.m */; };
		B70844E51851BB7300054BC8 /* TAREntry.h in Headers */ = {isa = PBXBuildFile; fileRef = B70844E31851BB7300054BC8 /* TAREntry.h */; settings = {ATTRIBUTES = (Public, ); }; };
		B70844E61851BB7300054BC8 /* TAREntry.m in Sources */ = {isa = PBXBuildFile; fileRef = B70844E41851BB7300054BC8 /* TAREntry.m */; };
		B78C9B7918528DCA00A47D59 /* libpitch.1.dylib in Frameworks */ = {isa = PBXBuildFile; fileRef = B70844821851894700054BC8 /* libpitch.1.dylib */; };
/* End PBXBuildFile section */

/* Begin PBXContainerItemProxy section */
		B70844D41851956900054BC8 /* PBXContainerItemProxy */ = {
			isa = PBXContainerItemProxy;
			containerPortal = B70843C31851488900054BC8 /* Project object */;
			proxyType = 1;
			remoteGlobalIDString = B70844811851894700054BC8;
			remoteInfo = pitch;
		};
/* End PBXContainerItemProxy section */

/* Begin PBXCopyFilesBuildPhase section */
		B70844C3185192A700054BC8 /* CopyFiles */ = {
			isa = PBXCopyFilesBuildPhase;
			buildActionMask = 2147483647;
			dstPath = /usr/share/man/man1/;
			dstSubfolderSpec = 0;
			files = (
			);
			runOnlyForDeploymentPostprocessing = 1;
		};
/* End PBXCopyFilesBuildPhase section */

/* Begin PBXFileReference section */
		B70843CB1851488900054BC8 /* libtar.1.dylib */ = {isa = PBXFileReference; explicitFileType = "compiled.mach-o.dylib"; includeInIndex = 0; path = libtar.1.dylib; sourceTree = BUILT_PRODUCTS_DIR; };
		B70843D3185149C400054BC8 /* append.c */ = {isa = PBXFileReference; fileEncoding = 4; lastKnownFileType = sourcecode.c.c; name = append.c; path = libtar/append.c; sourceTree = "<group>"; };
		B70843D4185149C400054BC8 /* block.c */ = {isa = PBXFileReference; fileEncoding = 4; lastKnownFileType = sourcecode.c.c; name = block.c; path = libtar/block.c; sourceTree = "<group>"; };
		B70843D5185149C400054BC8 /* decode.c */ = {isa = PBXFileReference; fileEncoding = 4; lastKnownFileType = sourcecode.c.c; name = decode.c; path = libtar/decode.c; sourceTree = "<group>"; };
		B70843D6185149C400054BC8 /* encode.c */ = {isa = PBXFileReference; fileEncoding = 4; lastKnownFileType = sourcecode.c.c; name = encode.c; path = libtar/encode.c; sourceTree = "<group>"; };
		B70843D7185149C400054BC8 /* extract.c */ = {isa = PBXFileReference; fileEncoding = 4; lastKnownFileType = sourcecode.c.c; name = extract.c; path = libtar/extract.c; sourceTree = "<group>"; };
		B70843D8185149C400054BC8 /* handle.c */ = {isa = PBXFileReference; fileEncoding = 4; lastKnownFileType = sourcecode.c.c; name = handle.c; path = libtar/handle.c; sourceTree = "<group>"; };
		B70843D9185149C400054BC8 /* internal.h */ = {isa = PBXFileReference; fileEncoding = 4; lastKnownFileType = sourcecode.c.h; name = internal.h; path = libtar/internal.h; sourceTree = "<group>"; };
		B70843DA185149C400054BC8 /* libtar.h */ = {isa = PBXFileReference; fileEncoding = 4; lastKnownFileType = sourcecode.c.h; name = libtar.h; path = libtar/libtar.h; sourceTree = "<group>"; };
		B70843DB185149C400054BC8 /* output.c */ = {isa = PBXFileReference; fileEncoding = 4; lastKnownFileType = sourcecode.c.c; name = output.c; path = libtar/output.c; sourceTree = "<group>"; };
		B70843DC185149C400054BC8 /* util.c */ = {isa = PBXFileReference; fileEncoding = 4; lastKnownFileType = sourcecode.c.c; name = util.c; path = libtar/util.c; sourceTree = "<group>"; };
		B70843DD185149C400054BC8 /* wrapper.c */ = {isa = PBXFileReference; fileEncoding = 4; lastKnownFileType = sourcecode.c.c; name = wrapper.c; path = libtar/wrapper.c; sourceTree = "<group>"; };
		B70843E918514AB100054BC8 /* config.h */ = {isa = PBXFileReference; fileEncoding = 4; lastKnownFileType = sourcecode.c.h; name = config.h; path = libtar/config.h; sourceTree = "<group>"; };
		B70843EB18514B3500054BC8 /* compat.h */ = {isa = PBXFileReference; fileEncoding = 4; lastKnownFileType = sourcecode.c.h; name = compat.h; path = libtar/compat.h; sourceTree = "<group>"; };
		B70843ED18514BAB00054BC8 /* libtar_hash.c */ = {isa = PBXFileReference; fileEncoding = 4; lastKnownFileType = sourcecode.c.c; name = libtar_hash.c; path = libtar/libtar_hash.c; sourceTree = "<group>"; };
		B70843EE18514BAC00054BC8 /* libtar_list.c */ = {isa = PBXFileReference; fileEncoding = 4; lastKnownFileType = sourcecode.c.c; name = libtar_list.c; path = libtar/libtar_list.c; sourceTree = "<group>"; };
		B70843EF18514BAC00054BC8 /* libtar_listhash.h */ = {isa = PBXFileReference; fileEncoding = 4; lastKnownFileType = sourcecode.c.h; name = libtar_listhash.h; path = libtar/libtar_listhash.h; sourceTree = "<group>"; };
		B70844821851894700054BC8 /* libpitch.1.dylib */ = {isa = PBXFileReference; explicitFileType = "compiled.mach-o.dylib"; includeInIndex = 0; path = libpitch.1.dylib; sourceTree = BUILT_PRODUCTS_DIR; };
		B70844A91851898000054BC8 /* Foundation.framework */ = {isa = PBXFileReference; lastKnownFileType = wrapper.framework; name = Foundation.framework; path = System/Library/Frameworks/Foundation.framework; sourceTree = SDKROOT; };
		B70844BB18518A1D00054BC8 /* Pitch.h */ = {isa = PBXFileReference; fileEncoding = 4; lastKnownFileType = sourcecode.c.h; name = Pitch.h; path = libpitch/Pitch.h; sourceTree = "<group>"; };
		B70844BD18518B0F00054BC8 /* TARFile.h */ = {isa = PBXFileReference; fileEncoding = 4; lastKnownFileType = sourcecode.c.h; name = TARFile.h; path = libpitch/TARFile.h; sourceTree = "<group>"; };
		B70844BE18518B0F00054BC8 /* TARFile.m */ = {isa = PBXFileReference; fileEncoding = 4; lastKnownFileType = sourcecode.c.objc; name = TARFile.m; path = libpitch/TARFile.m; sourceTree = "<group>"; };
		B70844C5185192A700054BC8 /* testtool */ = {isa = PBXFileReference; explicitFileType = "compiled.mach-o.executable"; includeInIndex = 0; path = testtool; sourceTree = BUILT_PRODUCTS_DIR; };
		B70844D2185192E700054BC8 /* testtool.m */ = {isa = PBXFileReference; fileEncoding = 4; lastKnownFileType = sourcecode.c.objc; name = testtool.m; path = tests/testtool.m; sourceTree = "<group>"; };
		B70844DD1851AC9E00054BC8 /* Pitch.m */ = {isa = PBXFileReference; fileEncoding = 4; lastKnownFileType = sourcecode.c.objc; name = Pitch.m; path = libpitch/Pitch.m; sourceTree = "<group>"; };
		B70844DF1851B4B500054BC8 /* NSError+Pitch.h */ = {isa = PBXFileReference; fileEncoding = 4; lastKnownFileType = sourcecode.c.h; name = "NSError+Pitch.h"; path = "libpitch/NSError+Pitch.h"; sourceTree = "<group>"; };
		B70844E01851B4B500054BC8 /* NSError+Pitch.m */ = {isa = PBXFileReference; fileEncoding = 4; lastKnownFileType = sourcecode.c.objc; name = "NSError+Pitch.m"; path = "libpitch/NSError+Pitch.m"; sourceTree = "<group>"; };
		B70844E31851BB7300054BC8 /* TAREntry.h */ = {isa = PBXFileReference; fileEncoding = 4; lastKnownFileType = sourcecode.c.h; name = TAREntry.h; path = libpitch/TAREntry.h; sourceTree = "<group>"; };
		B70844E41851BB7300054BC8 /* TAREntry.m */ = {isa = PBXFileReference; fileEncoding = 4; lastKnownFileType = sourcecode.c.objc; name = TAREntry.m; path = libpitch/TAREntry.m; sourceTree = "<group>"; };
/* End PBXFileReference section */

/* Begin PBXFrameworksBuildPhase section */
		B70843C81851488900054BC8 /* Frameworks */ = {
			isa = PBXFrameworksBuildPhase;
			buildActionMask = 2147483647;
			files = (
			);
			runOnlyForDeploymentPostprocessing = 0;
		};
		B708447F1851894700054BC8 /* Frameworks */ = {
			isa = PBXFrameworksBuildPhase;
			buildActionMask = 2147483647;
			files = (
				B70844AA1851898000054BC8 /* Foundation.framework in Frameworks */,
			);
			runOnlyForDeploymentPostprocessing = 0;
		};
		B70844C2185192A700054BC8 /* Frameworks */ = {
			isa = PBXFrameworksBuildPhase;
			buildActionMask = 2147483647;
			files = (
				B78C9B7918528DCA00A47D59 /* libpitch.1.dylib in Frameworks */,
				B70844C6185192A700054BC8 /* Foundation.framework in Frameworks */,
			);
			runOnlyForDeploymentPostprocessing = 0;
		};
/* End PBXFrameworksBuildPhase section */

/* Begin PBXGroup section */
		B70843C21851488800054BC8 = {
			isa = PBXGroup;
			children = (
				B708447D1851893C00054BC8 /* libpitch */,
				B70843D2185149B600054BC8 /* libtar */,
				B70844D1185192CA00054BC8 /* Tests */,
				B70844831851894700054BC8 /* Frameworks */,
				B70843CC1851488900054BC8 /* Products */,
			);
			sourceTree = "<group>";
		};
		B70843CC1851488900054BC8 /* Products */ = {
			isa = PBXGroup;
			children = (
				B70843CB1851488900054BC8 /* libtar.1.dylib */,
				B70844821851894700054BC8 /* libpitch.1.dylib */,
				B70844C5185192A700054BC8 /* testtool */,
			);
			name = Products;
			sourceTree = "<group>";
		};
		B70843D2185149B600054BC8 /* libtar */ = {
			isa = PBXGroup;
			children = (
				B70843D3185149C400054BC8 /* append.c */,
				B70843D4185149C400054BC8 /* block.c */,
				B70843D5185149C400054BC8 /* decode.c */,
				B70843D6185149C400054BC8 /* encode.c */,
				B70843D7185149C400054BC8 /* extract.c */,
				B70843D8185149C400054BC8 /* handle.c */,
				B70843D9185149C400054BC8 /* internal.h */,
				B70843ED18514BAB00054BC8 /* libtar_hash.c */,
				B70843EE18514BAC00054BC8 /* libtar_list.c */,
				B70843EF18514BAC00054BC8 /* libtar_listhash.h */,
				B70843DA185149C400054BC8 /* libtar.h */,
				B70843DB185149C400054BC8 /* output.c */,
				B70843DC185149C400054BC8 /* util.c */,
				B70843DD185149C400054BC8 /* wrapper.c */,
				B70843E918514AB100054BC8 /* config.h */,
				B70843EB18514B3500054BC8 /* compat.h */,
			);
			name = libtar;
			sourceTree = "<group>";
		};
		B708447D1851893C00054BC8 /* libpitch */ = {
			isa = PBXGroup;
			children = (
				B70844BB18518A1D00054BC8 /* Pitch.h */,
				B70844DD1851AC9E00054BC8 /* Pitch.m */,
				B70844DF1851B4B500054BC8 /* NSError+Pitch.h */,
				B70844E01851B4B500054BC8 /* NSError+Pitch.m */,
				B70844E31851BB7300054BC8 /* TAREntry.h */,
				B70844E41851BB7300054BC8 /* TAREntry.m */,
				B70844BD18518B0F00054BC8 /* TARFile.h */,
				B70844BE18518B0F00054BC8 /* TARFile.m */,
			);
			name = libpitch;
			sourceTree = "<group>";
		};
		B70844831851894700054BC8 /* Frameworks */ = {
			isa = PBXGroup;
			children = (
				B70844A91851898000054BC8 /* Foundation.framework */,
			);
			name = Frameworks;
			sourceTree = "<group>";
		};
		B70844D1185192CA00054BC8 /* Tests */ = {
			isa = PBXGroup;
			children = (
				B70844D2185192E700054BC8 /* testtool.m */,
			);
			name = Tests;
			sourceTree = "<group>";
		};
/* End PBXGroup section */

/* Begin PBXHeadersBuildPhase section */
		B70843C91851488900054BC8 /* Headers */ = {
			isa = PBXHeadersBuildPhase;
			buildActionMask = 2147483647;
			files = (
				B70843E5185149C400054BC8 /* libtar.h in Headers */,
				B70843E4185149C400054BC8 /* internal.h in Headers */,
				B70843F218514BAC00054BC8 /* libtar_listhash.h in Headers */,
				B70843EC18514B3500054BC8 /* compat.h in Headers */,
				B70843EA18514AB100054BC8 /* config.h in Headers */,
			);
			runOnlyForDeploymentPostprocessing = 0;
		};
		B70844801851894700054BC8 /* Headers */ = {
			isa = PBXHeadersBuildPhase;
			buildActionMask = 2147483647;
			files = (
				B70844BA185189E300054BC8 /* compat.h in Headers */,
				B70844B9185189E300054BC8 /* config.h in Headers */,
				B70844BF18518B0F00054BC8 /* TARFile.h in Headers */,
				B70844E11851B4B500054BC8 /* NSError+Pitch.h in Headers */,
				B70844B4185189E300054BC8 /* libtar_listhash.h in Headers */,
				B70844BC18518A1D00054BC8 /* Pitch.h in Headers */,
				B70844E51851BB7300054BC8 /* TAREntry.h in Headers */,
				B70844B5185189E300054BC8 /* libtar.h in Headers */,
				B70844B1185189E300054BC8 /* internal.h in Headers */,
			);
			runOnlyForDeploymentPostprocessing = 0;
		};
/* End PBXHeadersBuildPhase section */

/* Begin PBXNativeTarget section */
		B70843CA1851488900054BC8 /* tar */ = {
			isa = PBXNativeTarget;
			buildConfigurationList = B70843CF1851488900054BC8 /* Build configuration list for PBXNativeTarget "tar" */;
			buildPhases = (
				B70843C71851488900054BC8 /* Sources */,
				B70843C81851488900054BC8 /* Frameworks */,
				B70843C91851488900054BC8 /* Headers */,
			);
			buildRules = (
			);
			dependencies = (
			);
			name = tar;
			productName = tar;
			productReference = B70843CB1851488900054BC8 /* libtar.1.dylib */;
			productType = "com.apple.product-type.library.dynamic";
		};
		B70844811851894700054BC8 /* pitch */ = {
			isa = PBXNativeTarget;
			buildConfigurationList = B70844A31851894800054BC8 /* Build configuration list for PBXNativeTarget "pitch" */;
			buildPhases = (
				B708447E1851894700054BC8 /* Sources */,
				B708447F1851894700054BC8 /* Frameworks */,
				B70844801851894700054BC8 /* Headers */,
			);
			buildRules = (
			);
			dependencies = (
			);
			name = pitch;
			productName = pitch;
			productReference = B70844821851894700054BC8 /* libpitch.1.dylib */;
			productType = "com.apple.product-type.library.dynamic";
		};
		B70844C4185192A700054BC8 /* testtool */ = {
			isa = PBXNativeTarget;
			buildConfigurationList = B70844CE185192A700054BC8 /* Build configuration list for PBXNativeTarget "testtool" */;
			buildPhases = (
				B70844C1185192A700054BC8 /* Sources */,
				B70844C2185192A700054BC8 /* Frameworks */,
				B70844C3185192A700054BC8 /* CopyFiles */,
			);
			buildRules = (
			);
			dependencies = (
				B70844D51851956900054BC8 /* PBXTargetDependency */,
			);
			name = testtool;
			productName = testtool;
			productReference = B70844C5185192A700054BC8 /* testtool */;
			productType = "com.apple.product-type.tool";
		};
/* End PBXNativeTarget section */

/* Begin PBXProject section */
		B70843C31851488900054BC8 /* Project object */ = {
			isa = PBXProject;
			attributes = {
				LastUpgradeCheck = 0500;
				ORGANIZATIONNAME = "Michael Dippery";
			};
			buildConfigurationList = B70843C61851488900054BC8 /* Build configuration list for PBXProject "LibTar" */;
			compatibilityVersion = "Xcode 3.2";
			developmentRegion = English;
			hasScannedForEncodings = 0;
			knownRegions = (
				en,
			);
			mainGroup = B70843C21851488800054BC8;
			productRefGroup = B70843CC1851488900054BC8 /* Products */;
			projectDirPath = "";
			projectRoot = "";
			targets = (
				B70843CA1851488900054BC8 /* tar */,
				B70844811851894700054BC8 /* pitch */,
				B70844C4185192A700054BC8 /* testtool */,
			);
		};
/* End PBXProject section */

/* Begin PBXSourcesBuildPhase section */
		B70843C71851488900054BC8 /* Sources */ = {
			isa = PBXSourcesBuildPhase;
			buildActionMask = 2147483647;
			files = (
				B70843DE185149C400054BC8 /* append.c in Sources */,
				B70843E0185149C400054BC8 /* decode.c in Sources */,
				B70843DF185149C400054BC8 /* block.c in Sources */,
				B70843E3185149C400054BC8 /* handle.c in Sources */,
				B70843E8185149C400054BC8 /* wrapper.c in Sources */,
				B70843E6185149C400054BC8 /* output.c in Sources */,
				B70843E7185149C400054BC8 /* util.c in Sources */,
				B70843F118514BAC00054BC8 /* libtar_list.c in Sources */,
				B70843E2185149C400054BC8 /* extract.c in Sources */,
				B70843E1185149C400054BC8 /* encode.c in Sources */,
				B70843F018514BAC00054BC8 /* libtar_hash.c in Sources */,
			);
			runOnlyForDeploymentPostprocessing = 0;
		};
		B708447E1851894700054BC8 /* Sources */ = {
			isa = PBXSourcesBuildPhase;
			buildActionMask = 2147483647;
			files = (
				B70844E21851B4B500054BC8 /* NSError+Pitch.m in Sources */,
				B70844AB185189E300054BC8 /* append.c in Sources */,
				B70844AD185189E300054BC8 /* decode.c in Sources */,
				B70844AC185189E300054BC8 /* block.c in Sources */,
				B70844B6185189E300054BC8 /* output.c in Sources */,
				B70844B0185189E300054BC8 /* handle.c in Sources */,
				B70844DE1851AC9E00054BC8 /* Pitch.m in Sources */,
				B70844B8185189E300054BC8 /* wrapper.c in Sources */,
				B70844B7185189E300054BC8 /* util.c in Sources */,
				B70844C018518B0F00054BC8 /* TARFile.m in Sources */,
				B70844AF185189E300054BC8 /* extract.c in Sources */,
				B70844AE185189E300054BC8 /* encode.c in Sources */,
				B70844B2185189E300054BC8 /* libtar_hash.c in Sources */,
				B70844E61851BB7300054BC8 /* TAREntry.m in Sources */,
				B70844B3185189E300054BC8 /* libtar_list.c in Sources */,
			);
			runOnlyForDeploymentPostprocessing = 0;
		};
		B70844C1185192A700054BC8 /* Sources */ = {
			isa = PBXSourcesBuildPhase;
			buildActionMask = 2147483647;
			files = (
				B70844D3185192E700054BC8 /* testtool.m in Sources */,
			);
			runOnlyForDeploymentPostprocessing = 0;
		};
/* End PBXSourcesBuildPhase section */

/* Begin PBXTargetDependency section */
		B70844D51851956900054BC8 /* PBXTargetDependency */ = {
			isa = PBXTargetDependency;
			target = B70844811851894700054BC8 /* pitch */;
			targetProxy = B70844D41851956900054BC8 /* PBXContainerItemProxy */;
		};
/* End PBXTargetDependency section */

/* Begin XCBuildConfiguration section */
		B70843CD1851488900054BC8 /* Debug */ = {
			isa = XCBuildConfiguration;
			buildSettings = {
				ALWAYS_SEARCH_USER_PATHS = NO;
				CLANG_CXX_LANGUAGE_STANDARD = "gnu++0x";
				CLANG_CXX_LIBRARY = "libc++";
				CLANG_ENABLE_OBJC_ARC = YES;
				CLANG_WARN_BOOL_CONVERSION = YES;
				CLANG_WARN_CONSTANT_CONVERSION = YES;
				CLANG_WARN_DIRECT_OBJC_ISA_USAGE = YES_ERROR;
				CLANG_WARN_EMPTY_BODY = YES;
				CLANG_WARN_ENUM_CONVERSION = YES;
				CLANG_WARN_INT_CONVERSION = YES;
				CLANG_WARN_OBJC_ROOT_CLASS = YES_ERROR;
				CLANG_WARN__DUPLICATE_METHOD_MATCH = YES;
				COPY_PHASE_STRIP = NO;
				GCC_C_LANGUAGE_STANDARD = gnu99;
				GCC_DYNAMIC_NO_PIC = NO;
				GCC_ENABLE_OBJC_EXCEPTIONS = YES;
				GCC_OPTIMIZATION_LEVEL = 0;
				GCC_PREPROCESSOR_DEFINITIONS = (
					"DEBUG=1",
					"$(inherited)",
				);
				GCC_SYMBOLS_PRIVATE_EXTERN = NO;
				GCC_WARN_64_TO_32_BIT_CONVERSION = YES;
				GCC_WARN_ABOUT_RETURN_TYPE = YES_ERROR;
				GCC_WARN_UNDECLARED_SELECTOR = YES;
				GCC_WARN_UNINITIALIZED_AUTOS = YES;
				GCC_WARN_UNUSED_FUNCTION = YES;
				GCC_WARN_UNUSED_VARIABLE = YES;
				MACOSX_DEPLOYMENT_TARGET = 10.8;
				ONLY_ACTIVE_ARCH = YES;
				SDKROOT = macosx;
			};
			name = Debug;
		};
		B70843CE1851488900054BC8 /* Release */ = {
			isa = XCBuildConfiguration;
			buildSettings = {
				ALWAYS_SEARCH_USER_PATHS = NO;
				CLANG_CXX_LANGUAGE_STANDARD = "gnu++0x";
				CLANG_CXX_LIBRARY = "libc++";
				CLANG_ENABLE_OBJC_ARC = YES;
				CLANG_WARN_BOOL_CONVERSION = YES;
				CLANG_WARN_CONSTANT_CONVERSION = YES;
				CLANG_WARN_DIRECT_OBJC_ISA_USAGE = YES_ERROR;
				CLANG_WARN_EMPTY_BODY = YES;
				CLANG_WARN_ENUM_CONVERSION = YES;
				CLANG_WARN_INT_CONVERSION = YES;
				CLANG_WARN_OBJC_ROOT_CLASS = YES_ERROR;
				CLANG_WARN__DUPLICATE_METHOD_MATCH = YES;
				COPY_PHASE_STRIP = YES;
				DEBUG_INFORMATION_FORMAT = "dwarf-with-dsym";
				ENABLE_NS_ASSERTIONS = NO;
				GCC_C_LANGUAGE_STANDARD = gnu99;
				GCC_ENABLE_OBJC_EXCEPTIONS = YES;
				GCC_WARN_64_TO_32_BIT_CONVERSION = YES;
				GCC_WARN_ABOUT_RETURN_TYPE = YES_ERROR;
				GCC_WARN_UNDECLARED_SELECTOR = YES;
				GCC_WARN_UNINITIALIZED_AUTOS = YES;
				GCC_WARN_UNUSED_FUNCTION = YES;
				GCC_WARN_UNUSED_VARIABLE = YES;
				MACOSX_DEPLOYMENT_TARGET = 10.8;
				SDKROOT = macosx;
			};
			name = Release;
		};
		B70843D01851488900054BC8 /* Debug */ = {
			isa = XCBuildConfiguration;
			buildSettings = {
				EXECUTABLE_PREFIX = lib;
				INSTALL_PATH = "@rpath";
				MACOSX_DEPLOYMENT_TARGET = 10.6;
				PRIVATE_HEADERS_FOLDER_PATH = .;
				PRODUCT_NAME = "$(TARGET_NAME).${DYLIB_CURRENT_VERSION}";
				PUBLIC_HEADERS_FOLDER_PATH = .;
				SKIP_INSTALL = YES;
			};
			name = Debug;
		};
		B70843D11851488900054BC8 /* Release */ = {
			isa = XCBuildConfiguration;
			buildSettings = {
				EXECUTABLE_PREFIX = lib;
				INSTALL_PATH = "@rpath";
				MACOSX_DEPLOYMENT_TARGET = 10.6;
				PRIVATE_HEADERS_FOLDER_PATH = .;
				PRODUCT_NAME = "$(TARGET_NAME).${DYLIB_CURRENT_VERSION}";
				PUBLIC_HEADERS_FOLDER_PATH = .;
				SKIP_INSTALL = YES;
			};
			name = Release;
		};
		B70844A41851894800054BC8 /* Debug */ = {
			isa = XCBuildConfiguration;
			buildSettings = {
				CLANG_ENABLE_OBJC_ARC = NO;
				DYLIB_COMPATIBILITY_VERSION = 1;
				DYLIB_CURRENT_VERSION = 1;
				EXECUTABLE_PREFIX = lib;
				GCC_PREPROCESSOR_DEFINITIONS = (
					"DEBUG=1",
					"$(inherited)",
				);
				INSTALL_PATH = "@rpath";
				MACOSX_DEPLOYMENT_TARGET = 10.6;
				PRIVATE_HEADERS_FOLDER_PATH = Pitch;
				PRODUCT_NAME = "$(TARGET_NAME).${DYLIB_CURRENT_VERSION}";
				PUBLIC_HEADERS_FOLDER_PATH = Pitch;
				SKIP_INSTALL = YES;
			};
			name = Debug;
		};
		B70844A51851894800054BC8 /* Release */ = {
			isa = XCBuildConfiguration;
			buildSettings = {
				CLANG_ENABLE_OBJC_ARC = NO;
				DYLIB_COMPATIBILITY_VERSION = 1;
				DYLIB_CURRENT_VERSION = 1;
				EXECUTABLE_PREFIX = lib;
				INSTALL_PATH = "@rpath";
				MACOSX_DEPLOYMENT_TARGET = 10.6;
				PRIVATE_HEADERS_FOLDER_PATH = Pitch;
				PRODUCT_NAME = "$(TARGET_NAME).${DYLIB_CURRENT_VERSION}";
				PUBLIC_HEADERS_FOLDER_PATH = Pitch;
				SKIP_INSTALL = YES;
			};
			name = Release;
		};
		B70844CF185192A700054BC8 /* Debug */ = {
			isa = XCBuildConfiguration;
			buildSettings = {
				CLANG_ENABLE_OBJC_ARC = NO;
				PRODUCT_NAME = "$(TARGET_NAME)";
			};
			name = Debug;
		};
		B70844D0185192A700054BC8 /* Release */ = {
			isa = XCBuildConfiguration;
			buildSettings = {
				CLANG_ENABLE_OBJC_ARC = NO;
				PRODUCT_NAME = "$(TARGET_NAME)";
			};
			name = Release;
		};
/* End XCBuildConfiguration section */

/* Begin XCConfigurationList section */
		B70843C61851488900054BC8 /* Build configuration list for PBXProject "LibTar" */ = {
			isa = XCConfigurationList;
			buildConfigurations = (
				B70843CD1851488900054BC8 /* Debug */,
				B70843CE1851488900054BC8 /* Release */,
			);
			defaultConfigurationIsVisible = 0;
			defaultConfigurationName = Release;
		};
		B70843CF1851488900054BC8 /* Build configuration list for PBXNativeTarget "tar" */ = {
			isa = XCConfigurationList;
			buildConfigurations = (
				B70843D01851488900054BC8 /* Debug */,
				B70843D11851488900054BC8 /* Release */,
			);
			defaultConfigurationIsVisible = 0;
			defaultConfigurationName = Release;
		};
		B70844A31851894800054BC8 /* Build configuration list for PBXNativeTarget "pitch" */ = {
			isa = XCConfigurationList;
			buildConfigurations = (
				B70844A41851894800054BC8 /* Debug */,
				B70844A51851894800054BC8 /* Release */,
			);
			defaultConfigurationIsVisible = 0;
			defaultConfigurationName = Release;
		};
		B70844CE185192A700054BC8 /* Build configuration list for PBXNativeTarget "testtool" */ = {
			isa = XCConfigurationList;
			buildConfigurations = (
				B70844CF185192A700054BC8 /* Debug */,
				B70844D0185192A700054BC8 /* Release */,
			);
			defaultConfigurationIsVisible = 0;
			defaultConfigurationName = Release;
		};
/* End XCConfigurationList section */
	};
	rootObject = B70843C31851488900054BC8 /* Project object */;
}
